
Microsoft Visual Studio Solution File, Format Version 12.00
# Visual Studio Version 16
VisualStudioVersion = 16.0.29102.190
MinimumVisualStudioVersion = 10.0.40219.1
Project("{FAE04EC0-301F-11D3-BF4B-00C04F79EFBC}") = "WT", "WT\WT.csproj", "{CDE57451-7BC5-4634-B516-F9BF190E450C}"
EndProject
Global
	GlobalSection(SolutionConfigurationPlatforms) = preSolution
		Debug|Any CPU = Debug|Any CPU
		Release|Any CPU = Release|Any CPU
	EndGlobalSection
	GlobalSection(ProjectConfigurationPlatforms) = postSolution
		{CDE57451-7BC5-4634-B516-F9BF190E450C}.Debug|Any CPU.ActiveCfg = Debug|Any CPU
		{CDE57451-7BC5-4634-B516-F9BF190E450C}.Debug|Any CPU.Build.0 = Debug|Any CPU
		{CDE57451-7BC5-4634-B516-F9BF190E450C}.Release|Any CPU.ActiveCfg = Release|Any CPU
		{CDE57451-7BC5-4634-B516-F9BF190E450C}.Release|Any CPU.Build.0 = Release|Any CPU
	EndGlobalSection
	GlobalSection(SolutionProperties) = preSolution
		HideSolutionNode = FALSE
	EndGlobalSection
	GlobalSection(ExtensibilityGlobals) = postSolution
		SolutionGuid = {3632E606-381A-4DCC-B0B2-98E3DB3C7FFE}
	EndGlobalSection
EndGlobal
